// !$*UTF8*$!
{
	archiveVersion = 1;
	classes = {
	};
	objectVersion = 52;
	objects = {

/* Begin PBXBuildFile section */
		5BC10EBC2D1E59CF8D2D24CD /* Pods_RTM_CollaboratAR__iOS_.framework in Frameworks */ = {isa = PBXBuildFile; fileRef = 001FF2DFE7E2A2AC6ADE27D8 /* Pods_RTM_CollaboratAR__iOS_.framework */; };
		B0FB9A4CBA159CD851AAAA5C /* Pods_RTM_CollaboratAR__macOS_.framework in Frameworks */ = {isa = PBXBuildFile; fileRef = 9192924E342AA49B09458223 /* Pods_RTM_CollaboratAR__macOS_.framework */; };
		F300FBEB2678B21E009A2B32 /* PeerEntity.swift in Sources */ = {isa = PBXBuildFile; fileRef = F300FBEA2678B21E009A2B32 /* PeerEntity.swift */; };
		F300FBEC2678B21E009A2B32 /* PeerEntity.swift in Sources */ = {isa = PBXBuildFile; fileRef = F300FBEA2678B21E009A2B32 /* PeerEntity.swift */; };
		F300FBEE2678D30D009A2B32 /* ChannelData.swift in Sources */ = {isa = PBXBuildFile; fileRef = F300FBED2678D30D009A2B32 /* ChannelData.swift */; };
		F300FBEF2678D30D009A2B32 /* ChannelData.swift in Sources */ = {isa = PBXBuildFile; fileRef = F300FBED2678D30D009A2B32 /* ChannelData.swift */; };
		F300FBF12678E34E009A2B32 /* CollaboratARDelegateEntity.swift in Sources */ = {isa = PBXBuildFile; fileRef = F300FBF02678E34E009A2B32 /* CollaboratARDelegateEntity.swift */; };
		F300FBF22678E34E009A2B32 /* CollaboratARDelegateEntity.swift in Sources */ = {isa = PBXBuildFile; fileRef = F300FBF02678E34E009A2B32 /* CollaboratARDelegateEntity.swift */; };
		F32DCB7A2677764B007D09E4 /* RealityUI in Frameworks */ = {isa = PBXBuildFile; productRef = F32DCB792677764B007D09E4 /* RealityUI */; };
		F32DCB7C26777667007D09E4 /* RealityUI in Frameworks */ = {isa = PBXBuildFile; productRef = F32DCB7B26777667007D09E4 /* RealityUI */; };
		F3538090268234AA00B4277E /* globe.usdz in Resources */ = {isa = PBXBuildFile; fileRef = F353808F268234AA00B4277E /* globe.usdz */; };
		F3538091268234AA00B4277E /* globe.usdz in Resources */ = {isa = PBXBuildFile; fileRef = F353808F268234AA00B4277E /* globe.usdz */; };
		F388940E2680F47900DC6293 /* USDZPickerItem.swift in Sources */ = {isa = PBXBuildFile; fileRef = F388940D2680F47900DC6293 /* USDZPickerItem.swift */; };
		F388940F2680F47900DC6293 /* USDZPickerItem.swift in Sources */ = {isa = PBXBuildFile; fileRef = F388940D2680F47900DC6293 /* USDZPickerItem.swift */; };
		F3905106266A51E800E2B8E7 /* CollabModel.swift in Sources */ = {isa = PBXBuildFile; fileRef = F3905105266A51E800E2B8E7 /* CollabModel.swift */; };
		F3905107266A51E800E2B8E7 /* CollabModel.swift in Sources */ = {isa = PBXBuildFile; fileRef = F3905105266A51E800E2B8E7 /* CollabModel.swift */; };
		F390510D266E2B6A00E2B8E7 /* tree1.usdz in Resources */ = {isa = PBXBuildFile; fileRef = F390510C266E2B6A00E2B8E7 /* tree1.usdz */; };
		F390510E266E2B6A00E2B8E7 /* tree1.usdz in Resources */ = {isa = PBXBuildFile; fileRef = F390510C266E2B6A00E2B8E7 /* tree1.usdz */; };
		F3A23F1B2680A69B005FD3CA /* AppKeys.swift in Sources */ = {isa = PBXBuildFile; fileRef = F3A23F1A2680A69B005FD3CA /* AppKeys.swift */; };
		F3A23F1C2680A69B005FD3CA /* AppKeys.swift in Sources */ = {isa = PBXBuildFile; fileRef = F3A23F1A2680A69B005FD3CA /* AppKeys.swift */; };
		F3A23F212680C0C0005FD3CA /* mic.usdz in Resources */ = {isa = PBXBuildFile; fileRef = F3A23F202680C0C0005FD3CA /* mic.usdz */; };
		F3A23F222680C0C0005FD3CA /* mic.usdz in Resources */ = {isa = PBXBuildFile; fileRef = F3A23F202680C0C0005FD3CA /* mic.usdz */; };
		F3A6E23F26961914001F0851 /* desert_shrub1.usdz in Resources */ = {isa = PBXBuildFile; fileRef = F3A6E23826961913001F0851 /* desert_shrub1.usdz */; };
		F3A6E24026961914001F0851 /* desert_shrub1.usdz in Resources */ = {isa = PBXBuildFile; fileRef = F3A6E23826961913001F0851 /* desert_shrub1.usdz */; };
		F3A6E24126961914001F0851 /* desert_shrub2.usdz in Resources */ = {isa = PBXBuildFile; fileRef = F3A6E23926961913001F0851 /* desert_shrub2.usdz */; };
		F3A6E24226961914001F0851 /* desert_shrub2.usdz in Resources */ = {isa = PBXBuildFile; fileRef = F3A6E23926961913001F0851 /* desert_shrub2.usdz */; };
		F3A6E24326961914001F0851 /* desert_rock1.usdz in Resources */ = {isa = PBXBuildFile; fileRef = F3A6E23A26961913001F0851 /* desert_rock1.usdz */; };
		F3A6E24426961914001F0851 /* desert_rock1.usdz in Resources */ = {isa = PBXBuildFile; fileRef = F3A6E23A26961913001F0851 /* desert_rock1.usdz */; };
		F3A6E24526961914001F0851 /* desert_rock2.usdz in Resources */ = {isa = PBXBuildFile; fileRef = F3A6E23B26961913001F0851 /* desert_rock2.usdz */; };
		F3A6E24626961914001F0851 /* desert_rock2.usdz in Resources */ = {isa = PBXBuildFile; fileRef = F3A6E23B26961913001F0851 /* desert_rock2.usdz */; };
		F3A6E24726961914001F0851 /* desert_tree.usdz in Resources */ = {isa = PBXBuildFile; fileRef = F3A6E23C26961914001F0851 /* desert_tree.usdz */; };
		F3A6E24826961914001F0851 /* desert_tree.usdz in Resources */ = {isa = PBXBuildFile; fileRef = F3A6E23C26961914001F0851 /* desert_tree.usdz */; };
		F3A6E24926961914001F0851 /* desert_grass.usdz in Resources */ = {isa = PBXBuildFile; fileRef = F3A6E23D26961914001F0851 /* desert_grass.usdz */; };
		F3A6E24A26961914001F0851 /* desert_grass.usdz in Resources */ = {isa = PBXBuildFile; fileRef = F3A6E23D26961914001F0851 /* desert_grass.usdz */; };
		F3A6E24B26961914001F0851 /* desert_teepee.usdz in Resources */ = {isa = PBXBuildFile; fileRef = F3A6E23E26961914001F0851 /* desert_teepee.usdz */; };
		F3A6E24C26961914001F0851 /* desert_teepee.usdz in Resources */ = {isa = PBXBuildFile; fileRef = F3A6E23E26961914001F0851 /* desert_teepee.usdz */; };
		F3A6E24E26975391001F0851 /* CoachingOverlayView.swift in Sources */ = {isa = PBXBuildFile; fileRef = F3A6E24D26975391001F0851 /* CoachingOverlayView.swift */; };
		F3A6E2502698427C001F0851 /* desert_ground.usdz in Resources */ = {isa = PBXBuildFile; fileRef = F3A6E24F2698427C001F0851 /* desert_ground.usdz */; };
		F3A6E2512698427C001F0851 /* desert_ground.usdz in Resources */ = {isa = PBXBuildFile; fileRef = F3A6E24F2698427C001F0851 /* desert_ground.usdz */; };
		F3A6E253269848A0001F0851 /* forest_ground.usdz in Resources */ = {isa = PBXBuildFile; fileRef = F3A6E252269848A0001F0851 /* forest_ground.usdz */; };
		F3A6E254269848A0001F0851 /* forest_ground.usdz in Resources */ = {isa = PBXBuildFile; fileRef = F3A6E252269848A0001F0851 /* forest_ground.usdz */; };
		F3B4A6DE26738A7E002BA1F2 /* CollaborationExpEntity+RTM.swift in Sources */ = {isa = PBXBuildFile; fileRef = F3B4A6DD26738A7E002BA1F2 /* CollaborationExpEntity+RTM.swift */; };
		F3B4A6DF26738A7E002BA1F2 /* CollaborationExpEntity+RTM.swift in Sources */ = {isa = PBXBuildFile; fileRef = F3B4A6DD26738A7E002BA1F2 /* CollaborationExpEntity+RTM.swift */; };
		F3B7647526668BCD00258A16 /* GlobeEntity.swift in Sources */ = {isa = PBXBuildFile; fileRef = F3B7647426668BCD00258A16 /* GlobeEntity.swift */; };
		F3B7647626668BCD00258A16 /* GlobeEntity.swift in Sources */ = {isa = PBXBuildFile; fileRef = F3B7647426668BCD00258A16 /* GlobeEntity.swift */; };
		F3B7647826668C0400258A16 /* CollabSceneEntity.swift in Sources */ = {isa = PBXBuildFile; fileRef = F3B7647726668C0400258A16 /* CollabSceneEntity.swift */; };
		F3B7647926668C0400258A16 /* CollabSceneEntity.swift in Sources */ = {isa = PBXBuildFile; fileRef = F3B7647726668C0400258A16 /* CollabSceneEntity.swift */; };
		F3B7647B2666905100258A16 /* CustomARView.swift in Sources */ = {isa = PBXBuildFile; fileRef = F3B7647A2666905100258A16 /* CustomARView.swift */; };
		F3B7647C2666905100258A16 /* CustomARView.swift in Sources */ = {isa = PBXBuildFile; fileRef = F3B7647A2666905100258A16 /* CustomARView.swift */; };
		F3C9DB41268357F300114DF2 /* forest_rock.usdz in Resources */ = {isa = PBXBuildFile; fileRef = F3C9DB3C268357F300114DF2 /* forest_rock.usdz */; };
		F3C9DB42268357F300114DF2 /* forest_rock.usdz in Resources */ = {isa = PBXBuildFile; fileRef = F3C9DB3C268357F300114DF2 /* forest_rock.usdz */; };
		F3C9DB45268357F300114DF2 /* forest_tree1.usdz in Resources */ = {isa = PBXBuildFile; fileRef = F3C9DB3E268357F300114DF2 /* forest_tree1.usdz */; };
		F3C9DB46268357F300114DF2 /* forest_tree1.usdz in Resources */ = {isa = PBXBuildFile; fileRef = F3C9DB3E268357F300114DF2 /* forest_tree1.usdz */; };
		F3C9DB47268357F300114DF2 /* forest_tree3.usdz in Resources */ = {isa = PBXBuildFile; fileRef = F3C9DB3F268357F300114DF2 /* forest_tree3.usdz */; };
		F3C9DB48268357F300114DF2 /* forest_tree3.usdz in Resources */ = {isa = PBXBuildFile; fileRef = F3C9DB3F268357F300114DF2 /* forest_tree3.usdz */; };
		F3C9DB49268357F300114DF2 /* forest_shrub.usdz in Resources */ = {isa = PBXBuildFile; fileRef = F3C9DB40268357F300114DF2 /* forest_shrub.usdz */; };
		F3C9DB4A268357F300114DF2 /* forest_shrub.usdz in Resources */ = {isa = PBXBuildFile; fileRef = F3C9DB40268357F300114DF2 /* forest_shrub.usdz */; };
		F3C9DB4F26835ACE00114DF2 /* forest_tree2.usdz in Resources */ = {isa = PBXBuildFile; fileRef = F3C9DB4E26835ACE00114DF2 /* forest_tree2.usdz */; };
		F3C9DB5026835ACE00114DF2 /* forest_tree2.usdz in Resources */ = {isa = PBXBuildFile; fileRef = F3C9DB4E26835ACE00114DF2 /* forest_tree2.usdz */; };
		F3CD991D26503B5F005D8C06 /* RTM_CollaboratARApp.swift in Sources */ = {isa = PBXBuildFile; fileRef = F3CD990A26503B53005D8C06 /* RTM_CollaboratARApp.swift */; };
		F3CD991E26503B5F005D8C06 /* RTM_CollaboratARApp.swift in Sources */ = {isa = PBXBuildFile; fileRef = F3CD990A26503B53005D8C06 /* RTM_CollaboratARApp.swift */; };
		F3CD991F26503B5F005D8C06 /* ContentView.swift in Sources */ = {isa = PBXBuildFile; fileRef = F3CD990B26503B53005D8C06 /* ContentView.swift */; };
		F3CD992026503B5F005D8C06 /* ContentView.swift in Sources */ = {isa = PBXBuildFile; fileRef = F3CD990B26503B53005D8C06 /* ContentView.swift */; };
		F3CD992126503B5F005D8C06 /* Assets.xcassets in Resources */ = {isa = PBXBuildFile; fileRef = F3CD990C26503B5F005D8C06 /* Assets.xcassets */; };
		F3CD992226503B5F005D8C06 /* Assets.xcassets in Resources */ = {isa = PBXBuildFile; fileRef = F3CD990C26503B5F005D8C06 /* Assets.xcassets */; };
		F3CD99352652AA7D005D8C06 /* CollaborationExpEntity.swift in Sources */ = {isa = PBXBuildFile; fileRef = F3CD99342652AA7D005D8C06 /* CollaborationExpEntity.swift */; };
		F3CD99362652AA7D005D8C06 /* CollaborationExpEntity.swift in Sources */ = {isa = PBXBuildFile; fileRef = F3CD99342652AA7D005D8C06 /* CollaborationExpEntity.swift */; };
		F3CD996026569112005D8C06 /* TapSpot.swift in Sources */ = {isa = PBXBuildFile; fileRef = F3CD995F26569112005D8C06 /* TapSpot.swift */; };
		F3CD996126569112005D8C06 /* TapSpot.swift in Sources */ = {isa = PBXBuildFile; fileRef = F3CD995F26569112005D8C06 /* TapSpot.swift */; };
/* End PBXBuildFile section */

/* Begin PBXFileReference section */
		001FF2DFE7E2A2AC6ADE27D8 /* Pods_RTM_CollaboratAR__iOS_.framework */ = {isa = PBXFileReference; explicitFileType = wrapper.framework; includeInIndex = 0; path = Pods_RTM_CollaboratAR__iOS_.framework; sourceTree = BUILT_PRODUCTS_DIR; };
		2B6B1626634334A88C50E090 /* Pods-RTM-CollaboratAR (iOS).debug.xcconfig */ = {isa = PBXFileReference; includeInIndex = 1; lastKnownFileType = text.xcconfig; name = "Pods-RTM-CollaboratAR (iOS).debug.xcconfig"; path = "Target Support Files/Pods-RTM-CollaboratAR (iOS)/Pods-RTM-CollaboratAR (iOS).debug.xcconfig"; sourceTree = "<group>"; };
		67D9DED203B2ED633C62E0A9 /* Pods-RTM-CollaboratAR (macOS).debug.xcconfig */ = {isa = PBXFileReference; includeInIndex = 1; lastKnownFileType = text.xcconfig; name = "Pods-RTM-CollaboratAR (macOS).debug.xcconfig"; path = "Target Support Files/Pods-RTM-CollaboratAR (macOS)/Pods-RTM-CollaboratAR (macOS).debug.xcconfig"; sourceTree = "<group>"; };
		9062E0A0A20C70D8E2FAA416 /* Pods-RTM-CollaboratAR (macOS).release.xcconfig */ = {isa = PBXFileReference; includeInIndex = 1; lastKnownFileType = text.xcconfig; name = "Pods-RTM-CollaboratAR (macOS).release.xcconfig"; path = "Target Support Files/Pods-RTM-CollaboratAR (macOS)/Pods-RTM-CollaboratAR (macOS).release.xcconfig"; sourceTree = "<group>"; };
		9192924E342AA49B09458223 /* Pods_RTM_CollaboratAR__macOS_.framework */ = {isa = PBXFileReference; explicitFileType = wrapper.framework; includeInIndex = 0; path = Pods_RTM_CollaboratAR__macOS_.framework; sourceTree = BUILT_PRODUCTS_DIR; };
		9C07089E013B9C60A0210F2F /* Pods-RTM-CollaboratAR (iOS).release.xcconfig */ = {isa = PBXFileReference; includeInIndex = 1; lastKnownFileType = text.xcconfig; name = "Pods-RTM-CollaboratAR (iOS).release.xcconfig"; path = "Target Support Files/Pods-RTM-CollaboratAR (iOS)/Pods-RTM-CollaboratAR (iOS).release.xcconfig"; sourceTree = "<group>"; };
		F300FBEA2678B21E009A2B32 /* PeerEntity.swift */ = {isa = PBXFileReference; lastKnownFileType = sourcecode.swift; path = PeerEntity.swift; sourceTree = "<group>"; };
		F300FBED2678D30D009A2B32 /* ChannelData.swift */ = {isa = PBXFileReference; lastKnownFileType = sourcecode.swift; path = ChannelData.swift; sourceTree = "<group>"; };
		F300FBF02678E34E009A2B32 /* CollaboratARDelegateEntity.swift */ = {isa = PBXFileReference; lastKnownFileType = sourcecode.swift; path = CollaboratARDelegateEntity.swift; sourceTree = "<group>"; };
		F353808F268234AA00B4277E /* globe.usdz */ = {isa = PBXFileReference; lastKnownFileType = file.usdz; path = globe.usdz; sourceTree = "<group>"; };
		F388940D2680F47900DC6293 /* USDZPickerItem.swift */ = {isa = PBXFileReference; lastKnownFileType = sourcecode.swift; path = USDZPickerItem.swift; sourceTree = "<group>"; };
		F3905105266A51E800E2B8E7 /* CollabModel.swift */ = {isa = PBXFileReference; lastKnownFileType = sourcecode.swift; path = CollabModel.swift; sourceTree = "<group>"; };
		F390510C266E2B6A00E2B8E7 /* tree1.usdz */ = {isa = PBXFileReference; lastKnownFileType = file.usdz; path = tree1.usdz; sourceTree = "<group>"; };
		F3A23F1A2680A69B005FD3CA /* AppKeys.swift */ = {isa = PBXFileReference; lastKnownFileType = sourcecode.swift; path = AppKeys.swift; sourceTree = "<group>"; };
		F3A23F202680C0C0005FD3CA /* mic.usdz */ = {isa = PBXFileReference; lastKnownFileType = file.usdz; path = mic.usdz; sourceTree = "<group>"; };
		F3A6E23826961913001F0851 /* desert_shrub1.usdz */ = {isa = PBXFileReference; lastKnownFileType = file.usdz; path = desert_shrub1.usdz; sourceTree = "<group>"; };
		F3A6E23926961913001F0851 /* desert_shrub2.usdz */ = {isa = PBXFileReference; lastKnownFileType = file.usdz; path = desert_shrub2.usdz; sourceTree = "<group>"; };
		F3A6E23A26961913001F0851 /* desert_rock1.usdz */ = {isa = PBXFileReference; lastKnownFileType = file.usdz; path = desert_rock1.usdz; sourceTree = "<group>"; };
		F3A6E23B26961913001F0851 /* desert_rock2.usdz */ = {isa = PBXFileReference; lastKnownFileType = file.usdz; path = desert_rock2.usdz; sourceTree = "<group>"; };
		F3A6E23C26961914001F0851 /* desert_tree.usdz */ = {isa = PBXFileReference; lastKnownFileType = file.usdz; path = desert_tree.usdz; sourceTree = "<group>"; };
		F3A6E23D26961914001F0851 /* desert_grass.usdz */ = {isa = PBXFileReference; lastKnownFileType = file.usdz; path = desert_grass.usdz; sourceTree = "<group>"; };
		F3A6E23E26961914001F0851 /* desert_teepee.usdz */ = {isa = PBXFileReference; lastKnownFileType = file.usdz; path = desert_teepee.usdz; sourceTree = "<group>"; };
		F3A6E24D26975391001F0851 /* CoachingOverlayView.swift */ = {isa = PBXFileReference; lastKnownFileType = sourcecode.swift; path = CoachingOverlayView.swift; sourceTree = "<group>"; };
		F3A6E24F2698427C001F0851 /* desert_ground.usdz */ = {isa = PBXFileReference; lastKnownFileType = file.usdz; path = desert_ground.usdz; sourceTree = "<group>"; };
		F3A6E252269848A0001F0851 /* forest_ground.usdz */ = {isa = PBXFileReference; lastKnownFileType = file.usdz; path = forest_ground.usdz; sourceTree = "<group>"; };
		F3B4A6DD26738A7E002BA1F2 /* CollaborationExpEntity+RTM.swift */ = {isa = PBXFileReference; lastKnownFileType = sourcecode.swift; path = "CollaborationExpEntity+RTM.swift"; sourceTree = "<group>"; };
		F3B7647426668BCD00258A16 /* GlobeEntity.swift */ = {isa = PBXFileReference; lastKnownFileType = sourcecode.swift; path = GlobeEntity.swift; sourceTree = "<group>"; };
		F3B7647726668C0400258A16 /* CollabSceneEntity.swift */ = {isa = PBXFileReference; lastKnownFileType = sourcecode.swift; path = CollabSceneEntity.swift; sourceTree = "<group>"; };
		F3B7647A2666905100258A16 /* CustomARView.swift */ = {isa = PBXFileReference; lastKnownFileType = sourcecode.swift; path = CustomARView.swift; sourceTree = "<group>"; };
		F3C9DB3C268357F300114DF2 /* forest_rock.usdz */ = {isa = PBXFileReference; lastKnownFileType = file.usdz; path = forest_rock.usdz; sourceTree = "<group>"; };
		F3C9DB3E268357F300114DF2 /* forest_tree1.usdz */ = {isa = PBXFileReference; lastKnownFileType = file.usdz; path = forest_tree1.usdz; sourceTree = "<group>"; };
		F3C9DB3F268357F300114DF2 /* forest_tree3.usdz */ = {isa = PBXFileReference; lastKnownFileType = file.usdz; path = forest_tree3.usdz; sourceTree = "<group>"; };
		F3C9DB40268357F300114DF2 /* forest_shrub.usdz */ = {isa = PBXFileReference; lastKnownFileType = file.usdz; path = forest_shrub.usdz; sourceTree = "<group>"; };
		F3C9DB4E26835ACE00114DF2 /* forest_tree2.usdz */ = {isa = PBXFileReference; lastKnownFileType = file.usdz; path = forest_tree2.usdz; sourceTree = "<group>"; };
		F3CD990A26503B53005D8C06 /* RTM_CollaboratARApp.swift */ = {isa = PBXFileReference; lastKnownFileType = sourcecode.swift; path = RTM_CollaboratARApp.swift; sourceTree = "<group>"; };
		F3CD990B26503B53005D8C06 /* ContentView.swift */ = {isa = PBXFileReference; lastKnownFileType = sourcecode.swift; path = ContentView.swift; sourceTree = "<group>"; };
		F3CD990C26503B5F005D8C06 /* Assets.xcassets */ = {isa = PBXFileReference; lastKnownFileType = folder.assetcatalog; path = Assets.xcassets; sourceTree = "<group>"; };
		F3CD991126503B5F005D8C06 /* RTM-CollaboratAR.app */ = {isa = PBXFileReference; explicitFileType = wrapper.application; includeInIndex = 0; path = "RTM-CollaboratAR.app"; sourceTree = BUILT_PRODUCTS_DIR; };
		F3CD991426503B5F005D8C06 /* Info.plist */ = {isa = PBXFileReference; lastKnownFileType = text.plist.xml; path = Info.plist; sourceTree = "<group>"; };
		F3CD991926503B5F005D8C06 /* RTM-CollaboratAR.app */ = {isa = PBXFileReference; explicitFileType = wrapper.application; includeInIndex = 0; path = "RTM-CollaboratAR.app"; sourceTree = BUILT_PRODUCTS_DIR; };
		F3CD991B26503B5F005D8C06 /* Info.plist */ = {isa = PBXFileReference; lastKnownFileType = text.plist.xml; path = Info.plist; sourceTree = "<group>"; };
		F3CD991C26503B5F005D8C06 /* macOS.entitlements */ = {isa = PBXFileReference; lastKnownFileType = text.plist.entitlements; path = macOS.entitlements; sourceTree = "<group>"; };
		F3CD99342652AA7D005D8C06 /* CollaborationExpEntity.swift */ = {isa = PBXFileReference; lastKnownFileType = sourcecode.swift; path = CollaborationExpEntity.swift; sourceTree = "<group>"; };
		F3CD995F26569112005D8C06 /* TapSpot.swift */ = {isa = PBXFileReference; lastKnownFileType = sourcecode.swift; path = TapSpot.swift; sourceTree = "<group>"; };
/* End PBXFileReference section */

/* Begin PBXFrameworksBuildPhase section */
		F3CD990E26503B5F005D8C06 /* Frameworks */ = {
			isa = PBXFrameworksBuildPhase;
			buildActionMask = 2147483647;
			files = (
				5BC10EBC2D1E59CF8D2D24CD /* Pods_RTM_CollaboratAR__iOS_.framework in Frameworks */,
				F32DCB7A2677764B007D09E4 /* RealityUI in Frameworks */,
			);
			runOnlyForDeploymentPostprocessing = 0;
		};
		F3CD991626503B5F005D8C06 /* Frameworks */ = {
			isa = PBXFrameworksBuildPhase;
			buildActionMask = 2147483647;
			files = (
				B0FB9A4CBA159CD851AAAA5C /* Pods_RTM_CollaboratAR__macOS_.framework in Frameworks */,
				F32DCB7C26777667007D09E4 /* RealityUI in Frameworks */,
			);
			runOnlyForDeploymentPostprocessing = 0;
		};
/* End PBXFrameworksBuildPhase section */

/* Begin PBXGroup section */
		A266C18E2FE6408F169A6B4E /* Frameworks */ = {
			isa = PBXGroup;
			children = (
				001FF2DFE7E2A2AC6ADE27D8 /* Pods_RTM_CollaboratAR__iOS_.framework */,
				9192924E342AA49B09458223 /* Pods_RTM_CollaboratAR__macOS_.framework */,
			);
			name = Frameworks;
			sourceTree = "<group>";
		};
		AF34FBC4A75C501FDF09EFE4 /* Pods */ = {
			isa = PBXGroup;
			children = (
				2B6B1626634334A88C50E090 /* Pods-RTM-CollaboratAR (iOS).debug.xcconfig */,
				9C07089E013B9C60A0210F2F /* Pods-RTM-CollaboratAR (iOS).release.xcconfig */,
				67D9DED203B2ED633C62E0A9 /* Pods-RTM-CollaboratAR (macOS).debug.xcconfig */,
				9062E0A0A20C70D8E2FAA416 /* Pods-RTM-CollaboratAR (macOS).release.xcconfig */,
			);
			path = Pods;
			sourceTree = "<group>";
		};
		F3CD990426503B52005D8C06 = {
			isa = PBXGroup;
			children = (
				F3CD990926503B53005D8C06 /* Shared */,
				F3CD991326503B5F005D8C06 /* iOS */,
				F3CD991A26503B5F005D8C06 /* macOS */,
				F3CD991226503B5F005D8C06 /* Products */,
				AF34FBC4A75C501FDF09EFE4 /* Pods */,
				A266C18E2FE6408F169A6B4E /* Frameworks */,
			);
			sourceTree = "<group>";
		};
		F3CD990926503B53005D8C06 /* Shared */ = {
			isa = PBXGroup;
			children = (
				F3CD990A26503B53005D8C06 /* RTM_CollaboratARApp.swift */,
				F3A23F1A2680A69B005FD3CA /* AppKeys.swift */,
				F3CD990B26503B53005D8C06 /* ContentView.swift */,
				F3B7647A2666905100258A16 /* CustomARView.swift */,
				F3CD99342652AA7D005D8C06 /* CollaborationExpEntity.swift */,
				F388940D2680F47900DC6293 /* USDZPickerItem.swift */,
				F3B4A6DD26738A7E002BA1F2 /* CollaborationExpEntity+RTM.swift */,
				F300FBF02678E34E009A2B32 /* CollaboratARDelegateEntity.swift */,
				F300FBED2678D30D009A2B32 /* ChannelData.swift */,
				F3B7647726668C0400258A16 /* CollabSceneEntity.swift */,
				F3905105266A51E800E2B8E7 /* CollabModel.swift */,
				F300FBEA2678B21E009A2B32 /* PeerEntity.swift */,
				F3B7647426668BCD00258A16 /* GlobeEntity.swift */,
				F3CD995F26569112005D8C06 /* TapSpot.swift */,
				F3CD990C26503B5F005D8C06 /* Assets.xcassets */,
				F3CD99372652BF4F005D8C06 /* USDZ */,
			);
			path = Shared;
			sourceTree = "<group>";
		};
		F3CD991226503B5F005D8C06 /* Products */ = {
			isa = PBXGroup;
			children = (
				F3CD991126503B5F005D8C06 /* RTM-CollaboratAR.app */,
				F3CD991926503B5F005D8C06 /* RTM-CollaboratAR.app */,
			);
			name = Products;
			sourceTree = "<group>";
		};
		F3CD991326503B5F005D8C06 /* iOS */ = {
			isa = PBXGroup;
			children = (
				F3CD991426503B5F005D8C06 /* Info.plist */,
				F3A6E24D26975391001F0851 /* CoachingOverlayView.swift */,
			);
			path = iOS;
			sourceTree = "<group>";
		};
		F3CD991A26503B5F005D8C06 /* macOS */ = {
			isa = PBXGroup;
			children = (
				F3CD991B26503B5F005D8C06 /* Info.plist */,
				F3CD991C26503B5F005D8C06 /* macOS.entitlements */,
			);
			path = macOS;
			sourceTree = "<group>";
		};
		F3CD99372652BF4F005D8C06 /* USDZ */ = {
			isa = PBXGroup;
			children = (
				F3A6E252269848A0001F0851 /* forest_ground.usdz */,
				F3C9DB3C268357F300114DF2 /* forest_rock.usdz */,
				F3C9DB40268357F300114DF2 /* forest_shrub.usdz */,
				F3C9DB3E268357F300114DF2 /* forest_tree1.usdz */,
				F3C9DB4E26835ACE00114DF2 /* forest_tree2.usdz */,
				F3C9DB3F268357F300114DF2 /* forest_tree3.usdz */,
				F3A6E24F2698427C001F0851 /* desert_ground.usdz */,
				F3A6E23D26961914001F0851 /* desert_grass.usdz */,
				F3A6E23A26961913001F0851 /* desert_rock1.usdz */,
				F3A6E23B26961913001F0851 /* desert_rock2.usdz */,
				F3A6E23826961913001F0851 /* desert_shrub1.usdz */,
				F3A6E23926961913001F0851 /* desert_shrub2.usdz */,
				F3A6E23E26961914001F0851 /* desert_teepee.usdz */,
				F3A6E23C26961914001F0851 /* desert_tree.usdz */,
				F390510C266E2B6A00E2B8E7 /* tree1.usdz */,
				F353808F268234AA00B4277E /* globe.usdz */,
				F3A23F202680C0C0005FD3CA /* mic.usdz */,
			);
			path = USDZ;
			sourceTree = "<group>";
		};
/* End PBXGroup section */

/* Begin PBXNativeTarget section */
		F3CD991026503B5F005D8C06 /* CollaboratAR (iOS) */ = {
			isa = PBXNativeTarget;
			buildConfigurationList = F3CD992526503B5F005D8C06 /* Build configuration list for PBXNativeTarget "CollaboratAR (iOS)" */;
			buildPhases = (
				C92FBB6FA0F5352489884F3E /* [CP] Check Pods Manifest.lock */,
				F3CD990D26503B5F005D8C06 /* Sources */,
				F3CD990E26503B5F005D8C06 /* Frameworks */,
				F3CD990F26503B5F005D8C06 /* Resources */,
				2DEB411CD55E02F4623EF06A /* [CP] Embed Pods Frameworks */,
			);
			buildRules = (
			);
			dependencies = (
			);
			name = "CollaboratAR (iOS)";
			packageProductDependencies = (
				F32DCB792677764B007D09E4 /* RealityUI */,
			);
			productName = "RTM-CollaboratAR (iOS)";
			productReference = F3CD991126503B5F005D8C06 /* RTM-CollaboratAR.app */;
			productType = "com.apple.product-type.application";
		};
		F3CD991826503B5F005D8C06 /* RTM-CollaboratAR (macOS) */ = {
			isa = PBXNativeTarget;
			buildConfigurationList = F3CD992826503B5F005D8C06 /* Build configuration list for PBXNativeTarget "RTM-CollaboratAR (macOS)" */;
			buildPhases = (
				261F808CB0222C7312AFDE83 /* [CP] Check Pods Manifest.lock */,
				F3CD991526503B5F005D8C06 /* Sources */,
				F3CD991626503B5F005D8C06 /* Frameworks */,
				F3CD991726503B5F005D8C06 /* Resources */,
				288B0C20639189820FB518A9 /* [CP] Embed Pods Frameworks */,
			);
			buildRules = (
			);
			dependencies = (
			);
			name = "RTM-CollaboratAR (macOS)";
			packageProductDependencies = (
				F32DCB7B26777667007D09E4 /* RealityUI */,
			);
			productName = "RTM-CollaboratAR (macOS)";
			productReference = F3CD991926503B5F005D8C06 /* RTM-CollaboratAR.app */;
			productType = "com.apple.product-type.application";
		};
/* End PBXNativeTarget section */

/* Begin PBXProject section */
		F3CD990526503B52005D8C06 /* Project object */ = {
			isa = PBXProject;
			attributes = {
				LastSwiftUpdateCheck = 1250;
				LastUpgradeCheck = 1250;
				TargetAttributes = {
					F3CD991026503B5F005D8C06 = {
						CreatedOnToolsVersion = 12.5;
					};
					F3CD991826503B5F005D8C06 = {
						CreatedOnToolsVersion = 12.5;
					};
				};
			};
			buildConfigurationList = F3CD990826503B52005D8C06 /* Build configuration list for PBXProject "RTM-CollaboratAR" */;
			compatibilityVersion = "Xcode 9.3";
			developmentRegion = en;
			hasScannedForEncodings = 0;
			knownRegions = (
				en,
				Base,
			);
			mainGroup = F3CD990426503B52005D8C06;
			packageReferences = (
				F32DCB782677764B007D09E4 /* XCRemoteSwiftPackageReference "RealityUI" */,
			);
			productRefGroup = F3CD991226503B5F005D8C06 /* Products */;
			projectDirPath = "";
			projectRoot = "";
			targets = (
				F3CD991026503B5F005D8C06 /* CollaboratAR (iOS) */,
				F3CD991826503B5F005D8C06 /* RTM-CollaboratAR (macOS) */,
			);
		};
/* End PBXProject section */

/* Begin PBXResourcesBuildPhase section */
		F3CD990F26503B5F005D8C06 /* Resources */ = {
			isa = PBXResourcesBuildPhase;
			buildActionMask = 2147483647;
			files = (
				F3A6E24726961914001F0851 /* desert_tree.usdz in Resources */,
				F390510D266E2B6A00E2B8E7 /* tree1.usdz in Resources */,
				F3A23F212680C0C0005FD3CA /* mic.usdz in Resources */,
				F3A6E24926961914001F0851 /* desert_grass.usdz in Resources */,
				F3A6E24B26961914001F0851 /* desert_teepee.usdz in Resources */,
				F3A6E253269848A0001F0851 /* forest_ground.usdz in Resources */,
				F3C9DB49268357F300114DF2 /* forest_shrub.usdz in Resources */,
				F3A6E23F26961914001F0851 /* desert_shrub1.usdz in Resources */,
				F3C9DB47268357F300114DF2 /* forest_tree3.usdz in Resources */,
				F3A6E2502698427C001F0851 /* desert_ground.usdz in Resources */,
				F3A6E24126961914001F0851 /* desert_shrub2.usdz in Resources */,
				F3CD992126503B5F005D8C06 /* Assets.xcassets in Resources */,
				F3C9DB4F26835ACE00114DF2 /* forest_tree2.usdz in Resources */,
				F3538090268234AA00B4277E /* globe.usdz in Resources */,
				F3A6E24526961914001F0851 /* desert_rock2.usdz in Resources */,
				F3C9DB41268357F300114DF2 /* forest_rock.usdz in Resources */,
				F3C9DB45268357F300114DF2 /* forest_tree1.usdz in Resources */,
				F3A6E24326961914001F0851 /* desert_rock1.usdz in Resources */,
			);
			runOnlyForDeploymentPostprocessing = 0;
		};
		F3CD991726503B5F005D8C06 /* Resources */ = {
			isa = PBXResourcesBuildPhase;
			buildActionMask = 2147483647;
			files = (
				F3A6E24826961914001F0851 /* desert_tree.usdz in Resources */,
				F390510E266E2B6A00E2B8E7 /* tree1.usdz in Resources */,
				F3A23F222680C0C0005FD3CA /* mic.usdz in Resources */,
				F3A6E24A26961914001F0851 /* desert_grass.usdz in Resources */,
				F3A6E24C26961914001F0851 /* desert_teepee.usdz in Resources */,
				F3A6E254269848A0001F0851 /* forest_ground.usdz in Resources */,
				F3C9DB4A268357F300114DF2 /* forest_shrub.usdz in Resources */,
				F3A6E24026961914001F0851 /* desert_shrub1.usdz in Resources */,
				F3C9DB48268357F300114DF2 /* forest_tree3.usdz in Resources */,
				F3A6E2512698427C001F0851 /* desert_ground.usdz in Resources */,
				F3A6E24226961914001F0851 /* desert_shrub2.usdz in Resources */,
				F3CD992226503B5F005D8C06 /* Assets.xcassets in Resources */,
				F3C9DB5026835ACE00114DF2 /* forest_tree2.usdz in Resources */,
				F3538091268234AA00B4277E /* globe.usdz in Resources */,
				F3A6E24626961914001F0851 /* desert_rock2.usdz in Resources */,
				F3C9DB42268357F300114DF2 /* forest_rock.usdz in Resources */,
				F3C9DB46268357F300114DF2 /* forest_tree1.usdz in Resources */,
				F3A6E24426961914001F0851 /* desert_rock1.usdz in Resources */,
			);
			runOnlyForDeploymentPostprocessing = 0;
		};
/* End PBXResourcesBuildPhase section */

/* Begin PBXShellScriptBuildPhase section */
		261F808CB0222C7312AFDE83 /* [CP] Check Pods Manifest.lock */ = {
			isa = PBXShellScriptBuildPhase;
			buildActionMask = 2147483647;
			files = (
			);
			inputFileListPaths = (
			);
			inputPaths = (
				"${PODS_PODFILE_DIR_PATH}/Podfile.lock",
				"${PODS_ROOT}/Manifest.lock",
			);
			name = "[CP] Check Pods Manifest.lock";
			outputFileListPaths = (
			);
			outputPaths = (
				"$(DERIVED_FILE_DIR)/Pods-RTM-CollaboratAR (macOS)-checkManifestLockResult.txt",
			);
			runOnlyForDeploymentPostprocessing = 0;
			shellPath = /bin/sh;
			shellScript = "diff \"${PODS_PODFILE_DIR_PATH}/Podfile.lock\" \"${PODS_ROOT}/Manifest.lock\" > /dev/null\nif [ $? != 0 ] ; then\n    # print error to STDERR\n    echo \"error: The sandbox is not in sync with the Podfile.lock. Run 'pod install' or update your CocoaPods installation.\" >&2\n    exit 1\nfi\n# This output is used by Xcode 'outputs' to avoid re-running this script phase.\necho \"SUCCESS\" > \"${SCRIPT_OUTPUT_FILE_0}\"\n";
			showEnvVarsInLog = 0;
		};
		288B0C20639189820FB518A9 /* [CP] Embed Pods Frameworks */ = {
			isa = PBXShellScriptBuildPhase;
			buildActionMask = 2147483647;
			files = (
			);
			inputFileListPaths = (
				"${PODS_ROOT}/Target Support Files/Pods-RTM-CollaboratAR (macOS)/Pods-RTM-CollaboratAR (macOS)-frameworks-${CONFIGURATION}-input-files.xcfilelist",
			);
			name = "[CP] Embed Pods Frameworks";
			outputFileListPaths = (
				"${PODS_ROOT}/Target Support Files/Pods-RTM-CollaboratAR (macOS)/Pods-RTM-CollaboratAR (macOS)-frameworks-${CONFIGURATION}-output-files.xcfilelist",
			);
			runOnlyForDeploymentPostprocessing = 0;
			shellPath = /bin/sh;
			shellScript = "\"${PODS_ROOT}/Target Support Files/Pods-RTM-CollaboratAR (macOS)/Pods-RTM-CollaboratAR (macOS)-frameworks.sh\"\n";
			showEnvVarsInLog = 0;
		};
		2DEB411CD55E02F4623EF06A /* [CP] Embed Pods Frameworks */ = {
			isa = PBXShellScriptBuildPhase;
			buildActionMask = 2147483647;
			files = (
			);
			inputFileListPaths = (
				"${PODS_ROOT}/Target Support Files/Pods-RTM-CollaboratAR (iOS)/Pods-RTM-CollaboratAR (iOS)-frameworks-${CONFIGURATION}-input-files.xcfilelist",
			);
			name = "[CP] Embed Pods Frameworks";
			outputFileListPaths = (
				"${PODS_ROOT}/Target Support Files/Pods-RTM-CollaboratAR (iOS)/Pods-RTM-CollaboratAR (iOS)-frameworks-${CONFIGURATION}-output-files.xcfilelist",
			);
			runOnlyForDeploymentPostprocessing = 0;
			shellPath = /bin/sh;
			shellScript = "\"${PODS_ROOT}/Target Support Files/Pods-RTM-CollaboratAR (iOS)/Pods-RTM-CollaboratAR (iOS)-frameworks.sh\"\n";
			showEnvVarsInLog = 0;
		};
		C92FBB6FA0F5352489884F3E /* [CP] Check Pods Manifest.lock */ = {
			isa = PBXShellScriptBuildPhase;
			buildActionMask = 2147483647;
			files = (
			);
			inputFileListPaths = (
			);
			inputPaths = (
				"${PODS_PODFILE_DIR_PATH}/Podfile.lock",
				"${PODS_ROOT}/Manifest.lock",
			);
			name = "[CP] Check Pods Manifest.lock";
			outputFileListPaths = (
			);
			outputPaths = (
				"$(DERIVED_FILE_DIR)/Pods-RTM-CollaboratAR (iOS)-checkManifestLockResult.txt",
			);
			runOnlyForDeploymentPostprocessing = 0;
			shellPath = /bin/sh;
			shellScript = "diff \"${PODS_PODFILE_DIR_PATH}/Podfile.lock\" \"${PODS_ROOT}/Manifest.lock\" > /dev/null\nif [ $? != 0 ] ; then\n    # print error to STDERR\n    echo \"error: The sandbox is not in sync with the Podfile.lock. Run 'pod install' or update your CocoaPods installation.\" >&2\n    exit 1\nfi\n# This output is used by Xcode 'outputs' to avoid re-running this script phase.\necho \"SUCCESS\" > \"${SCRIPT_OUTPUT_FILE_0}\"\n";
			showEnvVarsInLog = 0;
		};
/* End PBXShellScriptBuildPhase section */

/* Begin PBXSourcesBuildPhase section */
		F3CD990D26503B5F005D8C06 /* Sources */ = {
			isa = PBXSourcesBuildPhase;
			buildActionMask = 2147483647;
			files = (
				F3B7647526668BCD00258A16 /* GlobeEntity.swift in Sources */,
				F3CD991F26503B5F005D8C06 /* ContentView.swift in Sources */,
				F3A23F1B2680A69B005FD3CA /* AppKeys.swift in Sources */,
				F300FBF12678E34E009A2B32 /* CollaboratARDelegateEntity.swift in Sources */,
				F3905106266A51E800E2B8E7 /* CollabModel.swift in Sources */,
				F300FBEE2678D30D009A2B32 /* ChannelData.swift in Sources */,
				F3A6E24E26975391001F0851 /* CoachingOverlayView.swift in Sources */,
				F388940E2680F47900DC6293 /* USDZPickerItem.swift in Sources */,
				F3CD99352652AA7D005D8C06 /* CollaborationExpEntity.swift in Sources */,
				F300FBEB2678B21E009A2B32 /* PeerEntity.swift in Sources */,
				F3B7647826668C0400258A16 /* CollabSceneEntity.swift in Sources */,
				F3B4A6DE26738A7E002BA1F2 /* CollaborationExpEntity+RTM.swift in Sources */,
				F3CD991D26503B5F005D8C06 /* RTM_CollaboratARApp.swift in Sources */,
				F3B7647B2666905100258A16 /* CustomARView.swift in Sources */,
				F3CD996026569112005D8C06 /* TapSpot.swift in Sources */,
			);
			runOnlyForDeploymentPostprocessing = 0;
		};
		F3CD991526503B5F005D8C06 /* Sources */ = {
			isa = PBXSourcesBuildPhase;
			buildActionMask = 2147483647;
			files = (
				F3B7647626668BCD00258A16 /* GlobeEntity.swift in Sources */,
				F3CD992026503B5F005D8C06 /* ContentView.swift in Sources */,
				F3A23F1C2680A69B005FD3CA /* AppKeys.swift in Sources */,
				F300FBF22678E34E009A2B32 /* CollaboratARDelegateEntity.swift in Sources */,
				F3905107266A51E800E2B8E7 /* CollabModel.swift in Sources */,
				F300FBEF2678D30D009A2B32 /* ChannelData.swift in Sources */,
				F388940F2680F47900DC6293 /* USDZPickerItem.swift in Sources */,
				F3CD99362652AA7D005D8C06 /* CollaborationExpEntity.swift in Sources */,
				F300FBEC2678B21E009A2B32 /* PeerEntity.swift in Sources */,
				F3B7647926668C0400258A16 /* CollabSceneEntity.swift in Sources */,
				F3B4A6DF26738A7E002BA1F2 /* CollaborationExpEntity+RTM.swift in Sources */,
				F3CD991E26503B5F005D8C06 /* RTM_CollaboratARApp.swift in Sources */,
				F3B7647C2666905100258A16 /* CustomARView.swift in Sources */,
				F3CD996126569112005D8C06 /* TapSpot.swift in Sources */,
			);
			runOnlyForDeploymentPostprocessing = 0;
		};
/* End PBXSourcesBuildPhase section */

/* Begin XCBuildConfiguration section */
		F3CD992326503B5F005D8C06 /* Debug */ = {
			isa = XCBuildConfiguration;
			buildSettings = {
				ALWAYS_SEARCH_USER_PATHS = NO;
				CLANG_ANALYZER_NONNULL = YES;
				CLANG_ANALYZER_NUMBER_OBJECT_CONVERSION = YES_AGGRESSIVE;
				CLANG_CXX_LANGUAGE_STANDARD = "gnu++14";
				CLANG_CXX_LIBRARY = "libc++";
				CLANG_ENABLE_MODULES = YES;
				CLANG_ENABLE_OBJC_ARC = YES;
				CLANG_ENABLE_OBJC_WEAK = YES;
				CLANG_WARN_BLOCK_CAPTURE_AUTORELEASING = YES;
				CLANG_WARN_BOOL_CONVERSION = YES;
				CLANG_WARN_COMMA = YES;
				CLANG_WARN_CONSTANT_CONVERSION = YES;
				CLANG_WARN_DEPRECATED_OBJC_IMPLEMENTATIONS = YES;
				CLANG_WARN_DIRECT_OBJC_ISA_USAGE = YES_ERROR;
				CLANG_WARN_DOCUMENTATION_COMMENTS = YES;
				CLANG_WARN_EMPTY_BODY = YES;
				CLANG_WARN_ENUM_CONVERSION = YES;
				CLANG_WARN_INFINITE_RECURSION = YES;
				CLANG_WARN_INT_CONVERSION = YES;
				CLANG_WARN_NON_LITERAL_NULL_CONVERSION = YES;
				CLANG_WARN_OBJC_IMPLICIT_RETAIN_SELF = YES;
				CLANG_WARN_OBJC_LITERAL_CONVERSION = YES;
				CLANG_WARN_OBJC_ROOT_CLASS = YES_ERROR;
				CLANG_WARN_QUOTED_INCLUDE_IN_FRAMEWORK_HEADER = YES;
				CLANG_WARN_RANGE_LOOP_ANALYSIS = YES;
				CLANG_WARN_STRICT_PROTOTYPES = YES;
				CLANG_WARN_SUSPICIOUS_MOVE = YES;
				CLANG_WARN_UNGUARDED_AVAILABILITY = YES_AGGRESSIVE;
				CLANG_WARN_UNREACHABLE_CODE = YES;
				CLANG_WARN__DUPLICATE_METHOD_MATCH = YES;
				COPY_PHASE_STRIP = NO;
				DEBUG_INFORMATION_FORMAT = dwarf;
				ENABLE_STRICT_OBJC_MSGSEND = YES;
				ENABLE_TESTABILITY = YES;
				GCC_C_LANGUAGE_STANDARD = gnu11;
				GCC_DYNAMIC_NO_PIC = NO;
				GCC_NO_COMMON_BLOCKS = YES;
				GCC_OPTIMIZATION_LEVEL = 0;
				GCC_PREPROCESSOR_DEFINITIONS = (
					"DEBUG=1",
					"$(inherited)",
				);
				GCC_WARN_64_TO_32_BIT_CONVERSION = YES;
				GCC_WARN_ABOUT_RETURN_TYPE = YES_ERROR;
				GCC_WARN_UNDECLARED_SELECTOR = YES;
				GCC_WARN_UNINITIALIZED_AUTOS = YES_AGGRESSIVE;
				GCC_WARN_UNUSED_FUNCTION = YES;
				GCC_WARN_UNUSED_VARIABLE = YES;
				MTL_ENABLE_DEBUG_INFO = INCLUDE_SOURCE;
				MTL_FAST_MATH = YES;
				ONLY_ACTIVE_ARCH = YES;
				SWIFT_ACTIVE_COMPILATION_CONDITIONS = DEBUG;
				SWIFT_OPTIMIZATION_LEVEL = "-Onone";
			};
			name = Debug;
		};
		F3CD992426503B5F005D8C06 /* Release */ = {
			isa = XCBuildConfiguration;
			buildSettings = {
				ALWAYS_SEARCH_USER_PATHS = NO;
				CLANG_ANALYZER_NONNULL = YES;
				CLANG_ANALYZER_NUMBER_OBJECT_CONVERSION = YES_AGGRESSIVE;
				CLANG_CXX_LANGUAGE_STANDARD = "gnu++14";
				CLANG_CXX_LIBRARY = "libc++";
				CLANG_ENABLE_MODULES = YES;
				CLANG_ENABLE_OBJC_ARC = YES;
				CLANG_ENABLE_OBJC_WEAK = YES;
				CLANG_WARN_BLOCK_CAPTURE_AUTORELEASING = YES;
				CLANG_WARN_BOOL_CONVERSION = YES;
				CLANG_WARN_COMMA = YES;
				CLANG_WARN_CONSTANT_CONVERSION = YES;
				CLANG_WARN_DEPRECATED_OBJC_IMPLEMENTATIONS = YES;
				CLANG_WARN_DIRECT_OBJC_ISA_USAGE = YES_ERROR;
				CLANG_WARN_DOCUMENTATION_COMMENTS = YES;
				CLANG_WARN_EMPTY_BODY = YES;
				CLANG_WARN_ENUM_CONVERSION = YES;
				CLANG_WARN_INFINITE_RECURSION = YES;
				CLANG_WARN_INT_CONVERSION = YES;
				CLANG_WARN_NON_LITERAL_NULL_CONVERSION = YES;
				CLANG_WARN_OBJC_IMPLICIT_RETAIN_SELF = YES;
				CLANG_WARN_OBJC_LITERAL_CONVERSION = YES;
				CLANG_WARN_OBJC_ROOT_CLASS = YES_ERROR;
				CLANG_WARN_QUOTED_INCLUDE_IN_FRAMEWORK_HEADER = YES;
				CLANG_WARN_RANGE_LOOP_ANALYSIS = YES;
				CLANG_WARN_STRICT_PROTOTYPES = YES;
				CLANG_WARN_SUSPICIOUS_MOVE = YES;
				CLANG_WARN_UNGUARDED_AVAILABILITY = YES_AGGRESSIVE;
				CLANG_WARN_UNREACHABLE_CODE = YES;
				CLANG_WARN__DUPLICATE_METHOD_MATCH = YES;
				COPY_PHASE_STRIP = NO;
				DEBUG_INFORMATION_FORMAT = "dwarf-with-dsym";
				ENABLE_NS_ASSERTIONS = NO;
				ENABLE_STRICT_OBJC_MSGSEND = YES;
				GCC_C_LANGUAGE_STANDARD = gnu11;
				GCC_NO_COMMON_BLOCKS = YES;
				GCC_WARN_64_TO_32_BIT_CONVERSION = YES;
				GCC_WARN_ABOUT_RETURN_TYPE = YES_ERROR;
				GCC_WARN_UNDECLARED_SELECTOR = YES;
				GCC_WARN_UNINITIALIZED_AUTOS = YES_AGGRESSIVE;
				GCC_WARN_UNUSED_FUNCTION = YES;
				GCC_WARN_UNUSED_VARIABLE = YES;
				MTL_ENABLE_DEBUG_INFO = NO;
				MTL_FAST_MATH = YES;
				SWIFT_COMPILATION_MODE = wholemodule;
				SWIFT_OPTIMIZATION_LEVEL = "-O";
			};
			name = Release;
		};
		F3CD992626503B5F005D8C06 /* Debug */ = {
			isa = XCBuildConfiguration;
			baseConfigurationReference = 2B6B1626634334A88C50E090 /* Pods-RTM-CollaboratAR (iOS).debug.xcconfig */;
			buildSettings = {
				ASSETCATALOG_COMPILER_APPICON_NAME = AppIcon;
				ASSETCATALOG_COMPILER_GLOBAL_ACCENT_COLOR_NAME = AccentColor;
				CODE_SIGN_STYLE = Automatic;
				CURRENT_PROJECT_VERSION = 5;
				DEVELOPMENT_TEAM = 278494H572;
				ENABLE_PREVIEWS = YES;
				INFOPLIST_FILE = iOS/Info.plist;
				IPHONEOS_DEPLOYMENT_TARGET = 14.0;
				LD_RUNPATH_SEARCH_PATHS = (
					"$(inherited)",
					"@executable_path/Frameworks",
				);
				PRODUCT_BUNDLE_IDENTIFIER = uk.rocketar.CollaboratAR;
				PRODUCT_NAME = "RTM-CollaboratAR";
				SDKROOT = iphoneos;
				SWIFT_VERSION = 5.0;
				TARGETED_DEVICE_FAMILY = "1,2";
			};
			name = Debug;
		};
		F3CD992726503B5F005D8C06 /* Release */ = {
			isa = XCBuildConfiguration;
			baseConfigurationReference = 9C07089E013B9C60A0210F2F /* Pods-RTM-CollaboratAR (iOS).release.xcconfig */;
			buildSettings = {
				ASSETCATALOG_COMPILER_APPICON_NAME = AppIcon;
				ASSETCATALOG_COMPILER_GLOBAL_ACCENT_COLOR_NAME = AccentColor;
				CODE_SIGN_STYLE = Automatic;
				CURRENT_PROJECT_VERSION = 5;
				DEVELOPMENT_TEAM = 278494H572;
				ENABLE_PREVIEWS = YES;
				INFOPLIST_FILE = iOS/Info.plist;
				IPHONEOS_DEPLOYMENT_TARGET = 14.0;
				LD_RUNPATH_SEARCH_PATHS = (
					"$(inherited)",
					"@executable_path/Frameworks",
				);
				PRODUCT_BUNDLE_IDENTIFIER = uk.rocketar.CollaboratAR;
				PRODUCT_NAME = "RTM-CollaboratAR";
				SDKROOT = iphoneos;
				SWIFT_VERSION = 5.0;
				TARGETED_DEVICE_FAMILY = "1,2";
				VALIDATE_PRODUCT = YES;
			};
			name = Release;
		};
		F3CD992926503B5F005D8C06 /* Debug */ = {
			isa = XCBuildConfiguration;
			baseConfigurationReference = 67D9DED203B2ED633C62E0A9 /* Pods-RTM-CollaboratAR (macOS).debug.xcconfig */;
			buildSettings = {
				ASSETCATALOG_COMPILER_APPICON_NAME = AppIcon;
				ASSETCATALOG_COMPILER_GLOBAL_ACCENT_COLOR_NAME = AccentColor;
				CODE_SIGN_ENTITLEMENTS = macOS/macOS.entitlements;
				CODE_SIGN_STYLE = Automatic;
				COMBINE_HIDPI_IMAGES = YES;
				DEVELOPMENT_TEAM = 278494H572;
				ENABLE_HARDENED_RUNTIME = YES;
				ENABLE_PREVIEWS = YES;
				INFOPLIST_FILE = macOS/Info.plist;
				LD_RUNPATH_SEARCH_PATHS = (
					"$(inherited)",
					"@executable_path/../Frameworks",
				);
				MACOSX_DEPLOYMENT_TARGET = 11.0;
				PRODUCT_BUNDLE_IDENTIFIER = uk.rocketar.CollaboratAR;
				PRODUCT_NAME = "RTM-CollaboratAR";
				SDKROOT = macosx;
				SWIFT_VERSION = 5.0;
			};
			name = Debug;
		};
		F3CD992A26503B5F005D8C06 /* Release */ = {
			isa = XCBuildConfiguration;
			baseConfigurationReference = 9062E0A0A20C70D8E2FAA416 /* Pods-RTM-CollaboratAR (macOS).release.xcconfig */;
			buildSettings = {
				ASSETCATALOG_COMPILER_APPICON_NAME = AppIcon;
				ASSETCATALOG_COMPILER_GLOBAL_ACCENT_COLOR_NAME = AccentColor;
				CODE_SIGN_ENTITLEMENTS = macOS/macOS.entitlements;
				CODE_SIGN_STYLE = Automatic;
				COMBINE_HIDPI_IMAGES = YES;
				DEVELOPMENT_TEAM = 278494H572;
				ENABLE_HARDENED_RUNTIME = YES;
				ENABLE_PREVIEWS = YES;
				INFOPLIST_FILE = macOS/Info.plist;
				LD_RUNPATH_SEARCH_PATHS = (
					"$(inherited)",
					"@executable_path/../Frameworks",
				);
				MACOSX_DEPLOYMENT_TARGET = 11.0;
				PRODUCT_BUNDLE_IDENTIFIER = uk.rocketar.CollaboratAR;
				PRODUCT_NAME = "RTM-CollaboratAR";
				SDKROOT = macosx;
				SWIFT_VERSION = 5.0;
			};
			name = Release;
		};
/* End XCBuildConfiguration section */

/* Begin XCConfigurationList section */
		F3CD990826503B52005D8C06 /* Build configuration list for PBXProject "RTM-CollaboratAR" */ = {
			isa = XCConfigurationList;
			buildConfigurations = (
				F3CD992326503B5F005D8C06 /* Debug */,
				F3CD992426503B5F005D8C06 /* Release */,
			);
			defaultConfigurationIsVisible = 0;
			defaultConfigurationName = Release;
		};
		F3CD992526503B5F005D8C06 /* Build configuration list for PBXNativeTarget "CollaboratAR (iOS)" */ = {
			isa = XCConfigurationList;
			buildConfigurations = (
				F3CD992626503B5F005D8C06 /* Debug */,
				F3CD992726503B5F005D8C06 /* Release */,
			);
			defaultConfigurationIsVisible = 0;
			defaultConfigurationName = Release;
		};
		F3CD992826503B5F005D8C06 /* Build configuration list for PBXNativeTarget "RTM-CollaboratAR (macOS)" */ = {
			isa = XCConfigurationList;
			buildConfigurations = (
				F3CD992926503B5F005D8C06 /* Debug */,
				F3CD992A26503B5F005D8C06 /* Release */,
			);
			defaultConfigurationIsVisible = 0;
			defaultConfigurationName = Release;
		};
/* End XCConfigurationList section */

/* Begin XCRemoteSwiftPackageReference section */
		F32DCB782677764B007D09E4 /* XCRemoteSwiftPackageReference "RealityUI" */ = {
			isa = XCRemoteSwiftPackageReference;
			repositoryURL = "git@github.com:maxxfrazer/RealityUI.git";
			requirement = {
				kind = upToNextMajorVersion;
				minimumVersion = 1.2.1;
			};
		};
/* End XCRemoteSwiftPackageReference section */

/* Begin XCSwiftPackageProductDependency section */
		F32DCB792677764B007D09E4 /* RealityUI */ = {
			isa = XCSwiftPackageProductDependency;
			package = F32DCB782677764B007D09E4 /* XCRemoteSwiftPackageReference "RealityUI" */;
			productName = RealityUI;
		};
		F32DCB7B26777667007D09E4 /* RealityUI */ = {
			isa = XCSwiftPackageProductDependency;
			package = F32DCB782677764B007D09E4 /* XCRemoteSwiftPackageReference "RealityUI" */;
			productName = RealityUI;
		};
/* End XCSwiftPackageProductDependency section */
	};
	rootObject = F3CD990526503B52005D8C06 /* Project object */;
}
